{
  "version": 2,
  "dependencies": {
    "net10.0": {
      "Microsoft.EntityFrameworkCore.InMemory": {
        "type": "Direct",
        "requested": "[10.0.11, 11.0.0)",
        "resolved": "10.0.11",
        "contentHash": "QBMaEmLIAzUUnH7+1Vbui+9Ui0dSsglkKxjW4sofOHycB3218UrnrUzq+Y75syrR4krUCtY7loWKaVBOeU3qKw==",
        "dependencies": {
          "Microsoft.EntityFrameworkCore": "10.0.11",
          "Microsoft.Extensions.Caching.Memory": "10.0.11",
          "Microsoft.Extensions.Logging": "10.0.11"
        }
      },
      "Microsoft.EntityFrameworkCore.SqlServer": {
        "type": "Direct",
        "requested": "[10.0.11, 11.0.0)",
        "resolved": "10.0.11",
        "contentHash": "LClSs5cNN6za2Uk7IeH7RAP4Qe5EMXxFsD9i53ncPx21TVg04IEjoFyxvvsSNkq2/Ux9HyJsJ2qEO8Tl7Gcrrg==",
        "dependencies": {
          "Microsoft.Data.SqlClient": "6.1.6",
          "Microsoft.EntityFrameworkCore.Relational": "10.0.11",
          "Microsoft.Extensions.Caching.Memory": "10.0.11",
          "Microsoft.Extensions.Configuration.Abstractions": "10.0.11",
          "Microsoft.Extensions.Logging": "10.0.11"
        }
      },
      "xunit.v3": {
        "type": "Direct",
        "requested": "[4.0.0, )",
        "resolved": "4.0.0",
        "contentHash": "czH4MaZ2k2eLjetuN5W1fUEnNVADsTOeYxDvrqIFh04XO6H3Y8Yu1FrSy3psF1q06DZV33wftjqZVv4acwIp9Q==",
        "dependencies": {
          "xunit.v3.mtp-v2": "[4.0.0]"
        }
      },
      "Azure.Core": {
        "type": "Transitive",
        "resolved": "1.50.0",
        "contentHash": "GBNKZEhdIbTXxedvD3R7I/yDVFX9jJJEz02kCziFSJxspSQ5RMHc3GktulJ1s7+ffXaXD7kMgrtdQTaggyInLw==",
        "dependencies": {
          "Microsoft.Bcl.AsyncInterfaces": "8.0.0",
          "System.ClientModel": "1.8.0",
          "System.Memory.Data": "8.0.1"
        }
      },
      "Azure.Identity": {
        "type": "Transitive",
        "resolved": "1.17.1",
        "contentHash": "MSZkBrctcpiGxs9Cvr2VKKoN6qFLZlP3I6xuCWJ9iTgitI5Rgxtk5gfOSpXPZE3+CJmZ/mnqpQyGyjawFn5Vvg==",
        "dependencies": {
          "Azure.Core": "1.50.0",
          "Microsoft.Identity.Client": "4.78.0",
          "Microsoft.Identity.Client.Extensions.Msal": "4.78.0"
        }
      },
      "Microsoft.ApplicationInsights": {
        "type": "Transitive",
        "resolved": "2.23.0",
        "contentHash": "nWArUZTdU7iqZLycLKWe0TDms48KKGE6pONH2terYNa8REXiqixrMOkf1sk5DHGMaUTqONU2YkS4SAXBhLStgw=="
      },
      "Microsoft.Bcl.AsyncInterfaces": {
        "type": "Transitive",
        "resolved": "8.0.0",
        "contentHash": "3WA9q9yVqJp222P3x1wYIGDAkpjAku0TMUaaQV22g6L67AI0LdOIrVS7Ht2vJfLHGSPVuqN94vIr15qn+HEkHw=="
      },
      "Microsoft.Data.SqlClient": {
        "type": "Transitive",
        "resolved": "6.1.6",
        "contentHash": "6abRPXrjjEWxcNkTomBIzBdGolYnwD0ykP+6YAynaEEfKlGe94ZSQd58pggucusp28xUA7wLo9XcvzU92ZuF6Q==",
        "dependencies": {
          "Azure.Core": "1.50.0",
          "Azure.Identity": "1.17.1",
          "Microsoft.Data.SqlClient.SNI.runtime": "6.0.2",
          "Microsoft.Extensions.Caching.Memory": "9.0.11",
          "Microsoft.Identity.Client": "4.84.2",
          "Microsoft.Identity.Client.Broker": "4.84.2",
          "Microsoft.IdentityModel.JsonWebTokens": "7.7.1",
          "Microsoft.IdentityModel.Protocols.OpenIdConnect": "7.7.1",
          "Microsoft.SqlServer.Server": "1.0.0",
          "System.Configuration.ConfigurationManager": "9.0.11",
          "System.IdentityModel.Tokens.Jwt": "7.7.1",
          "System.Security.Cryptography.Pkcs": "9.0.11"
        }
      },
      "Microsoft.Data.SqlClient.SNI.runtime": {
        "type": "Transitive",
        "resolved": "6.0.2",
        "contentHash": "f+pRODTWX7Y67jXO3T5S2dIPZ9qMJNySjlZT/TKmWVNWe19N8jcWmHaqHnnchaq3gxEKv1SWVY5EFzOD06l41w=="
      },
      "Microsoft.EntityFrameworkCore": {
        "type": "Transitive",
        "resolved": "10.0.11",
        "contentHash": "VOSGU8en6HZJs8t7UMFN+9vGcRgVOOn6fA44Ngcg2NyvJ3P1KE94iAb0XzaVaGhXGtt+qaM/VtEn0/hzluQJeg==",
        "dependencies": {
          "Microsoft.EntityFrameworkCore.Abstractions": "10.0.11",
          "Microsoft.EntityFrameworkCore.Analyzers": "10.0.11",
          "Microsoft.Extensions.Caching.Memory": "10.0.11",
          "Microsoft.Extensions.Logging": "10.0.11"
        }
      },
      "Microsoft.EntityFrameworkCore.Abstractions": {
        "type": "Transitive",
        "resolved": "10.0.11",
        "contentHash": "6auJR+9+9VunznKfH7WGrHMrnrmA0F7JZ22EXzwXvVhjfnbu9Xq7NSIWaOf3KJsOanM2qf5ajJ2JR5TlcPZTLA=="
      },
      "Microsoft.EntityFrameworkCore.Analyzers": {
        "type": "Transitive",
        "resolved": "10.0.11",
        "contentHash": "Bv7X4wSSnzCQED9WYXKJ8fwgyvKwf0xZM1GO8xkf6CF9zl+UBnvjxmcPnokJRy0JKjc1SlHSzzhx1HcL4jitTQ=="
      },
      "Microsoft.EntityFrameworkCore.Relational": {
        "type": "Transitive",
        "resolved": "10.0.11",
        "contentHash": "grznnTJgEYxaWpdKAsTzg6j+89jHgCXWYp+QGtlX5O92+w/VuhWM6JLPYb+uw8M9VhGUvOTsO76dYOy9vNPd5Q==",
        "dependencies": {
          "Microsoft.EntityFrameworkCore": "10.0.11",
          "Microsoft.Extensions.Caching.Memory": "10.0.11",
          "Microsoft.Extensions.Configuration.Abstractions": "10.0.11",
          "Microsoft.Extensions.Logging": "10.0.11"
        }
      },
      "Microsoft.Extensions.Caching.Abstractions": {
        "type": "Transitive",
        "resolved": "10.0.11",
        "contentHash": "vUl798SmruTqqlt/xH2gDk3tJlhk6k3HdOXAHirlRfbNKDym4g/kRpUL9S4sl6F6FsOTOMW+ZsDapqlZMOOiEw==",
        "dependencies": {
          "Microsoft.Extensions.Primitives": "10.0.11"
        }
      },
      "Microsoft.Extensions.Caching.Memory": {
        "type": "Transitive",
        "resolved": "10.0.11",
        "contentHash": "el1g0mBEbDBGY2bT9mcSfrTWO8QlPdq2nOCnvQugioOFwHV+bVBMeiakoI0dNOdj8d6Hi9K6HY2xzRUWJiDR3w==",
        "dependencies": {
          "Microsoft.Extensions.Caching.Abstractions": "10.0.11",
          "Microsoft.Extensions.DependencyInjection.Abstractions": "10.0.11",
          "Microsoft.Extensions.Logging.Abstractions": "10.0.11",
          "Microsoft.Extensions.Options": "10.0.11",
          "Microsoft.Extensions.Primitives": "10.0.11"
        }
      },
      "Microsoft.Extensions.Configuration.Abstractions": {
        "type": "Transitive",
        "resolved": "10.0.11",
        "contentHash": "fVi053xdpda9Em7vSkmgVxO/PtgC2m78ekReKWsgcyskqY0U82Bz/MONwxpGzI0hElYKJfw+fupqMVeKW3fSaA==",
        "dependencies": {
          "Microsoft.Extensions.Primitives": "10.0.11"
        }
      },
      "Microsoft.Extensions.DependencyInjection": {
        "type": "Transitive",
        "resolved": "10.0.11",
        "contentHash": "PSmotV19c7E3lKed++uYo1kSiXFI+uTl37CBSrhq+CfLC3FCHjG7R91+xPnNehQfHS1b0Tzo/CCLPWH3qaEheg==",
        "dependencies": {
          "Microsoft.Extensions.DependencyInjection.Abstractions": "10.0.11"
        }
      },
      "Microsoft.Extensions.DependencyInjection.Abstractions": {
        "type": "Transitive",
        "resolved": "10.0.11",
        "contentHash": "/a1aJz4m7ylhEDf25ugQChLQoN5XwoGjWw/BoR/ZWWKsO1v4DdJElS1uyngahz4B/eOzjFk1KNTkarRLE5wsIg=="
      },
      "Microsoft.Extensions.Logging": {
        "type": "Transitive",
        "resolved": "10.0.11",
        "contentHash": "nUOJwgFkSiLHiVGFpU22pIJtuWYewuSYQ3JVuP/gdK8ASMT807Px+TYQiRWs6uSsOmoyFTaVCwKXTasczV6BpA==",
        "dependencies": {
          "Microsoft.Extensions.DependencyInjection": "10.0.11",
          "Microsoft.Extensions.Logging.Abstractions": "10.0.11",
          "Microsoft.Extensions.Options": "10.0.11"
        }
      },
      "Microsoft.Extensions.Logging.Abstractions": {
        "type": "Transitive",
        "resolved": "10.0.11",
        "contentHash": "Ljd0Uxoq5XpScD2Bg0nM/r3mwx7Ao5Uq24eo2ARxbGvqJ7Zht6rt2cJtwVRH4Cv+1ZVMdXz6TB43KbpmsxRrvQ==",
        "dependencies": {
          "Microsoft.Extensions.DependencyInjection.Abstractions": "10.0.11"
        }
      },
      "Microsoft.Extensions.Options": {
        "type": "Transitive",
        "resolved": "10.0.11",
        "contentHash": "eY1GAKcTfD2maP27J84X9IovT3yjHJ2dVDzPmDg6/XqYvt3jMzJhtfQCLjG9pVsZGAd+8DQ2QrjaDcs2+VQLGw==",
        "dependencies": {
          "Microsoft.Extensions.DependencyInjection.Abstractions": "10.0.11",
          "Microsoft.Extensions.Primitives": "10.0.11"
        }
      },
      "Microsoft.Extensions.Primitives": {
        "type": "Transitive",
        "resolved": "10.0.11",
        "contentHash": "SXcz+kF+4Oo9b1+55zntpJFYfwb1jw66ioxptyNOOTDc8g2FHnBFWjZpsWfCvZIhzr0x+4e2trVTs4OKwQfBtw=="
      },
      "Microsoft.Identity.Client": {
        "type": "Transitive",
        "resolved": "4.84.2",
        "contentHash": "Va9FjmABSgj/lcUfHH0pBNQkmS7SNyepz2ERV7Yynp6QgEYpFdSqR6Vzy1WWipN8GS5pBHuXoZbqaDWuARCrHQ==",
        "dependencies": {
          "Microsoft.IdentityModel.Abstractions": "8.14.0"
        }
      },
      "Microsoft.Identity.Client.Broker": {
        "type": "Transitive",
        "resolved": "4.84.2",
        "contentHash": "928ySLeGz1xtvydwq6h9tv7TbxrtA4ZzavLKUqRJh0PW6BGcEJwpI8W8vf2PlQdYemGm/oyGjdzYzdY/I8r/4A==",
        "dependencies": {
          "Microsoft.Identity.Client": "4.84.2",
          "Microsoft.Identity.Client.NativeInterop": "0.20.6"
        }
      },
      "Microsoft.Identity.Client.Extensions.Msal": {
        "type": "Transitive",
        "resolved": "4.78.0",
        "contentHash": "DYU9o+DrDQuyZxeq91GBA9eNqBvA3ZMkLzQpF7L9dTk6FcIBM1y1IHXWqiKXTvptPF7CZE59upbyUoa+FJ5eiA==",
        "dependencies": {
          "Microsoft.Identity.Client": "4.78.0",
          "System.Security.Cryptography.ProtectedData": "4.5.0"
        }
      },
      "Microsoft.Identity.Client.NativeInterop": {
        "type": "Transitive",
        "resolved": "0.20.6",
        "contentHash": "noyfdMfVxyWpM6xUDmlW6gUvZ5ci24z7Qoy15JvynTQfZV5vTD2NEdsnT5Gy4ngViwgdIp5iRjRy10jAKXFAgw=="
      },
      "Microsoft.IdentityModel.Abstractions": {
        "type": "Transitive",
        "resolved": "8.14.0",
        "contentHash": "iwbCpSjD3ehfTwBhtSNEtKPK0ICun6ov7Ibx6ISNA9bfwIyzI2Siwyi9eJFCJBwxowK9xcA1mj+jBWiigeqgcQ=="
      },
      "Microsoft.IdentityModel.JsonWebTokens": {
        "type": "Transitive",
        "resolved": "7.7.1",
        "contentHash": "3Izi75UCUssvo8LPx3OVnEeZay58qaFicrtSnbtUt7q8qQi0gy46gh4V8VUTkMVMKXV6VMyjBVmeNNgeCUJuIw==",
        "dependencies": {
          "Microsoft.IdentityModel.Tokens": "7.7.1"
        }
      },
      "Microsoft.IdentityModel.Logging": {
        "type": "Transitive",
        "resolved": "7.7.1",
        "contentHash": "BZNgSq/o8gsKExdYoBKPR65fdsxW0cTF8PsdqB8y011AGUJJW300S/ZIsEUD0+sOmGc003Gwv3FYbjrVjvsLNQ==",
        "dependencies": {
          "Microsoft.IdentityModel.Abstractions": "7.7.1"
        }
      },
      "Microsoft.IdentityModel.Protocols": {
        "type": "Transitive",
        "resolved": "7.7.1",
        "contentHash": "h+fHHBGokepmCX+QZXJk4Ij8OApCb2n2ktoDkNX5CXteXsOxTHMNgjPGpAwdJMFvAL7TtGarUnk3o97NmBq2QQ==",
        "dependencies": {
          "Microsoft.IdentityModel.Tokens": "7.7.1"
        }
      },
      "Microsoft.IdentityModel.Protocols.OpenIdConnect": {
        "type": "Transitive",
        "resolved": "7.7.1",
        "contentHash": "yT2Hdj8LpPbcT9C9KlLVxXl09C8zjFaVSaApdOwuecMuoV4s6Sof/mnTDz/+F/lILPIBvrWugR9CC7iRVZgbfQ==",
        "dependencies": {
          "Microsoft.IdentityModel.Protocols": "7.7.1",
          "System.IdentityModel.Tokens.Jwt": "7.7.1"
        }
      },
      "Microsoft.IdentityModel.Tokens": {
        "type": "Transitive",
        "resolved": "7.7.1",
        "contentHash": "fQ0VVCba75lknUHGldi3iTKAYUQqbzp1Un8+d9cm9nON0Gs8NAkXddNg8iaUB0qi/ybtAmNWizTR4avdkCJ9pQ==",
        "dependencies": {
          "Microsoft.IdentityModel.Logging": "7.7.1"
        }
      },
      "Microsoft.SqlServer.Server": {
        "type": "Transitive",
        "resolved": "1.0.0",
        "contentHash": "N4KeF3cpcm1PUHym1RmakkzfkEv3GRMyofVv40uXsQhCQeglr2OHNcUk2WOG51AKpGO8ynGpo9M/kFXSzghwug=="
      },
      "Microsoft.Testing.Extensions.Telemetry": {
        "type": "Transitive",
        "resolved": "2.3.3",
        "contentHash": "nY8ceQyPWB9TRE1WE5Oe/sks2e10SxgPv61vBHsFYpgCeDtNwhpMZwmL29GklO3/etTdOsLdrCmNr4zJWaR2fg==",
        "dependencies": {
          "Microsoft.ApplicationInsights": "2.23.0",
          "Microsoft.Testing.Platform": "2.3.3"
        }
      },
      "Microsoft.Testing.Extensions.TrxReport.Abstractions": {
        "type": "Transitive",
        "resolved": "2.3.3",
        "contentHash": "dceVNxnfTEjKnrIreLcMfkgrzzBY8kgCCJX5NAv7Lq/6vPlTP4VB5zxKeuYy0yfCoBtWuPkLjUG6qtOBMfpypA==",
        "dependencies": {
          "Microsoft.Testing.Platform": "2.3.3"
        }
      },
      "Microsoft.Testing.Platform": {
        "type": "Transitive",
        "resolved": "2.3.3",
        "contentHash": "ENbH4BQh9riXtOKc25KKITfiGGWhWMBJA7pZuNaF9zxzzSaVkp5AMeZxGQ6sXYaR6xb724NLz985Is6XIYqLSg=="
      },
      "Microsoft.Testing.Platform.MSBuild": {
        "type": "Transitive",
        "resolved": "2.3.3",
        "contentHash": "iVAvNbZ5JPDZSrTcIrCDoCsAkzjDxwDEt2mDuMd8ng1P6e2P2NCd0g0BsoBVG+nJLSmK//V+yeEvjCa3E2fxHw==",
        "dependencies": {
          "Microsoft.Testing.Platform": "2.3.3"
        }
      },
      "Microsoft.Win32.Registry": {
        "type": "Transitive",
        "resolved": "5.0.0",
        "contentHash": "dDoKi0PnDz31yAyETfRntsLArTlVAVzUzCIvvEDsDsucrl33Dl8pIJG06ePTJTI3tGpeyHS9Cq7Foc/s4EeKcg=="
      },
      "System.ClientModel": {
        "type": "Transitive",
        "resolved": "1.8.0",
        "contentHash": "AqRzhn0v29GGGLj/Z6gKq4lGNtvPHT4nHdG5PDJh9IfVjv/nYUVmX11hwwws1vDFeIAzrvmn0dPu8IjLtu6fAw==",
        "dependencies": {
          "Microsoft.Extensions.Logging.Abstractions": "8.0.3",
          "System.Memory.Data": "8.0.1"
        }
      },
      "System.Configuration.ConfigurationManager": {
        "type": "Transitive",
        "resolved": "9.0.11",
        "contentHash": "vPinosRgEk1CGjohbv0pDuz6gPprkWo5xvBTjOJjks5JOgOEWvPndq5NngGxiTcBcy1+k9GwzZ1c3Bp2fU5ezw==",
        "dependencies": {
          "System.Diagnostics.EventLog": "9.0.11",
          "System.Security.Cryptography.ProtectedData": "9.0.11"
        }
      },
      "System.Diagnostics.EventLog": {
        "type": "Transitive",
        "resolved": "9.0.11",
        "contentHash": "2Us/NchH6SM69NYWzf8NRyeftdv3ILso8LMiMdAjT7ECTiZKzddiXWhAyQj6ZzbddoAOHS9GdlPbAAkwCPID3Q=="
      },
      "System.IdentityModel.Tokens.Jwt": {
        "type": "Transitive",
        "resolved": "7.7.1",
        "contentHash": "rQkO1YbAjLwnDJSMpRhRtrc6XwIcEOcUvoEcge+evurpzSZM3UNK+MZfD3sKyTlYsvknZ6eJjSBfnmXqwOsT9Q==",
        "dependencies": {
          "Microsoft.IdentityModel.JsonWebTokens": "7.7.1",
          "Microsoft.IdentityModel.Tokens": "7.7.1"
        }
      },
      "System.Memory.Data": {
        "type": "Transitive",
        "resolved": "8.0.1",
        "contentHash": "BVYuec3jV23EMRDeR7Dr1/qhx7369dZzJ9IWy2xylvb4YfXsrUxspWc4UWYid/tj4zZK58uGZqn2WQiaDMhmAg=="
      },
      "System.Security.AccessControl": {
        "type": "Transitive",
        "resolved": "6.0.1",
        "contentHash": "IQ4NXP/B3Ayzvw0rDQzVTYsCKyy0Jp9KI6aYcK7UnGVlR9+Awz++TIPCQtPYfLJfOpm8ajowMR09V7quD3sEHw=="
      },
      "System.Security.Cryptography.Pkcs": {
        "type": "Transitive",
        "resolved": "9.0.11",
        "contentHash": "YS2YqtN6fFjlTDIQI+ucjbbrEvwMn796r+VLTQRr/5Oy6g+i+m7nIou83KnJCnAcKna2I+5eVJRks6SoHSpetQ=="
      },
      "System.Security.Cryptography.ProtectedData": {
        "type": "Transitive",
        "resolved": "9.0.11",
        "contentHash": "s8yUYuYYu+PAwvBdhLG1KyrGrk9gkYeuPxfAsXsTqqWyepwSyEw8hAaflW4nO98NG52YpYI1am2+9o+79h2RtQ=="
      },
      "xunit.analyzers": {
        "type": "Transitive",
        "resolved": "2.0.0",
        "contentHash": "2UtauxWDa9C6bT7MvFfZkNoFulfflb00jnDU2xeVO9Y58l4Ah2Mv/HiMs4b0zdpK/SfAxpajkgKNMN8zBKa+7Q=="
      },
      "xunit.v3.assert": {
        "type": "Transitive",
        "resolved": "4.0.0",
        "contentHash": "QxYfC+98lCMe7Kl9iWDUeUn+gmiPJ2Sz/r+trSdp1mvKyDMXj8S1kYdfkFNJSHyUSQ6KWomenSDgfWhGpR8zEQ=="
      },
      "xunit.v3.common": {
        "type": "Transitive",
        "resolved": "4.0.0",
        "contentHash": "cjaNGmOVA5QJxcp6uuSsDhbt0lNmxezFo226mbYOuXm9E9Owq8bYTKxa9wnAMZRnbvyCmCYhAvc/+UAzf0M2vA==",
        "dependencies": {
          "Microsoft.Bcl.AsyncInterfaces": "6.0.0"
        }
      },
      "xunit.v3.core.mtp-v2": {
        "type": "Transitive",
        "resolved": "4.0.0",
        "contentHash": "2I7apws+6HPz5aYi4choAn7c8P4jPAvwbfAtLSy0JPH89oeY/z1Zqz65Cm3HJmput5l56Z1sJOinTxsAQmbyWQ==",
        "dependencies": {
          "Microsoft.Testing.Extensions.Telemetry": "2.3.3",
          "Microsoft.Testing.Extensions.TrxReport.Abstractions": "2.3.3",
          "Microsoft.Testing.Platform": "2.3.3",
          "Microsoft.Testing.Platform.MSBuild": "2.3.3",
          "xunit.v3.extensibility.core": "[4.0.0]",
          "xunit.v3.runner.inproc.console": "[4.0.0]"
        }
      },
      "xunit.v3.extensibility.core": {
        "type": "Transitive",
        "resolved": "4.0.0",
        "contentHash": "+tTe9VX2vwrUHGI48FE4ly956Ry084wPH4I/7g5D36AkAMGjQRZZDVz8eH2GwX/CLS9PDQRSca534WyrAYsyzw==",
        "dependencies": {
          "xunit.v3.common": "[4.0.0]"
        }
      },
      "xunit.v3.mtp-v2": {
        "type": "Transitive",
        "resolved": "4.0.0",
        "contentHash": "svYjct2c3VbLyUSB2r9VWiIkYwemwXHhOgIVAor8RvupcZBFcdiGdmq8G519ZCu30yjPCr0EP3Hy4mvgEXcXpQ==",
        "dependencies": {
          "xunit.analyzers": "2.0.0",
          "xunit.v3.assert": "[4.0.0]",
          "xunit.v3.core.mtp-v2": "[4.0.0]"
        }
      },
      "xunit.v3.runner.common": {
        "type": "Transitive",
        "resolved": "4.0.0",
        "contentHash": "1IEIAVRgnPo9nihd9D0TvxxsLKVRySa+K0wLy/m0SJ4RMdveRCUj/mICFboruO+ILUJ10fUfCCyp7MC5/y7cGw==",
        "dependencies": {
          "Microsoft.Win32.Registry": "[5.0.0]",
          "System.Security.AccessControl": "[6.0.1]",
          "xunit.v3.common": "[4.0.0]"
        }
      },
      "xunit.v3.runner.inproc.console": {
        "type": "Transitive",
        "resolved": "4.0.0",
        "contentHash": "Sp5AALIlZUf2U5pEt2LHs+ebn18eAPSFnXEouJTltLez5p+NQvBm7kzsKSkZOM6iyoS6nuN/wKdsJt2LvixjsQ==",
        "dependencies": {
          "xunit.v3.extensibility.core": "[4.0.0]",
          "xunit.v3.runner.common": "[4.0.0]"
        }
      },
      "entityframeworkcore.extensions": {
        "type": "Project",
        "dependencies": {
          "Microsoft.EntityFrameworkCore.SqlServer": "[10.0.11, 11.0.0)"
        }
      }
    }
  }
}